// !$*UTF8*$!
{
	archiveVersion = 1;
	classes = {
	};
	objectVersion = 55;
	objects = {

/* Begin PBXBuildFile section */
		A612DA5A27A50C1B00FE5530 /* AppDelegate.swift in Sources */ = {isa = PBXBuildFile; fileRef = A612DA5927A50C1B00FE5530 /* AppDelegate.swift */; };
		A612DA5C27A50C1B00FE5530 /* SceneDelegate.swift in Sources */ = {isa = PBXBuildFile; fileRef = A612DA5B27A50C1B00FE5530 /* SceneDelegate.swift */; };
		A612DA5E27A50C1B00FE5530 /* ViewController.swift in Sources */ = {isa = PBXBuildFile; fileRef = A612DA5D27A50C1B00FE5530 /* ViewController.swift */; };
		A612DA6127A50C1B00FE5530 /* Main.storyboard in Resources */ = {isa = PBXBuildFile; fileRef = A612DA5F27A50C1B00FE5530 /* Main.storyboard */; };
		A612DA6327A50C1C00FE5530 /* Assets.xcassets in Resources */ = {isa = PBXBuildFile; fileRef = A612DA6227A50C1C00FE5530 /* Assets.xcassets */; };
		A612DA6627A50C1C00FE5530 /* LaunchScreen.storyboard in Resources */ = {isa = PBXBuildFile; fileRef = A612DA6427A50C1C00FE5530 /* LaunchScreen.storyboard */; };
		A6C1932F27A57B650042D2E8 /* Extension.swift in Sources */ = {isa = PBXBuildFile; fileRef = A6C1932E27A57B650042D2E8 /* Extension.swift */; };
/* End PBXBuildFile section */

/* Begin PBXFileReference section */
		A612DA5627A50C1B00FE5530 /* Follow.app */ = {isa = PBXFileReference; explicitFileType = wrapper.application; includeInIndex = 0; path = Follow.app; sourceTree = BUILT_PRODUCTS_DIR; };
		A612DA5927A50C1B00FE5530 /* AppDelegate.swift */ = {isa = PBXFileReference; lastKnownFileType = sourcecode.swift; path = AppDelegate.swift; sourceTree = "<group>"; };
		A612DA5B27A50C1B00FE5530 /* SceneDelegate.swift */ = {isa = PBXFileReference; lastKnownFileType = sourcecode.swift; path = SceneDelegate.swift; sourceTree = "<group>"; };
		A612DA5D27A50C1B00FE5530 /* ViewController.swift */ = {isa = PBXFileReference; lastKnownFileType = sourcecode.swift; path = ViewController.swift; sourceTree = "<group>"; };
		A612DA6027A50C1B00FE5530 /* Base */ = {isa = PBXFileReference; lastKnownFileType = file.storyboard; name = Base; path = Base.lproj/Main.storyboard; sourceTree = "<group>"; };
		A612DA6227A50C1C00FE5530 /* Assets.xcassets */ = {isa = PBXFileReference; lastKnownFileType = folder.assetcatalog; path = Assets.xcassets; sourceTree = "<group>"; };
		A612DA6527A50C1C00FE5530 /* Base */ = {isa = PBXFileReference; lastKnownFileType = file.storyboard; name = Base; path = Base.lproj/LaunchScreen.storyboard; sourceTree = "<group>"; };
		A612DA6727A50C1D00FE5530 /* Info.plist */ = {isa = PBXFileReference; lastKnownFileType = text.plist.xml; path = Info.plist; sourceTree = "<group>"; };
		A6C1932E27A57B650042D2E8 /* Extension.swift */ = {isa = PBXFileReference; lastKnownFileType = sourcecode.swift; path = Extension.swift; sourceTree = "<group>"; };
/* End PBXFileReference section */

/* Begin PBXFrameworksBuildPhase section */
		A612DA5327A50C1B00FE5530 /* Frameworks */ = {
			isa = PBXFrameworksBuildPhase;
			buildActionMask = 2147483647;
			files = (
			);
			runOnlyForDeploymentPostprocessing = 0;
		};
/* End PBXFrameworksBuildPhase section */

/* Begin PBXGroup section */
		A612DA4D27A50C1B00FE5530 = {
			isa = PBXGroup;
			children = (
				A612DA5827A50C1B00FE5530 /* Follow */,
				A612DA5727A50C1B00FE5530 /* Products */,
			);
			sourceTree = "<group>";
		};
		A612DA5727A50C1B00FE5530 /* Products */ = {
			isa = PBXGroup;
			children = (
				A612DA5627A50C1B00FE5530 /* Follow.app */,
			);
			name = Products;
			sourceTree = "<group>";
		};
		A612DA5827A50C1B00FE5530 /* Follow */ = {
			isa = PBXGroup;
			children = (
				A612DA5927A50C1B00FE5530 /* AppDelegate.swift */,
				A612DA5B27A50C1B00FE5530 /* SceneDelegate.swift */,
				A612DA5D27A50C1B00FE5530 /* ViewController.swift */,
				A6C1932E27A57B650042D2E8 /* Extension.swift */,
				A612DA5F27A50C1B00FE5530 /* Main.storyboard */,
				A612DA6227A50C1C00FE5530 /* Assets.xcassets */,
				A612DA6427A50C1C00FE5530 /* LaunchScreen.storyboard */,
				A612DA6727A50C1D00FE5530 /* Info.plist */,
			);
			path = Follow;
			sourceTree = "<group>";
		};
/* End PBXGroup section */

/* Begin PBXNativeTarget section */
		A612DA5527A50C1B00FE5530 /* Follow */ = {
			isa = PBXNativeTarget;
			buildConfigurationList = A612DA6A27A50C1D00FE5530 /* Build configuration list for PBXNativeTarget "Follow" */;
			buildPhases = (
				A612DA5227A50C1B00FE5530 /* Sources */,
				A612DA5327A50C1B00FE5530 /* Frameworks */,
				A612DA5427A50C1B00FE5530 /* Resources */,
			);
			buildRules = (
			);
			dependencies = (
			);
			name = Follow;
			productName = Follow;
			productReference = A612DA5627A50C1B00FE5530 /* Follow.app */;
			productType = "com.apple.product-type.application";
		};
/* End PBXNativeTarget section */

/* Begin PBXProject section */
		A612DA4E27A50C1B00FE5530 /* Project object */ = {
			isa = PBXProject;
			attributes = {
				BuildIndependentTargetsInParallel = 1;
				LastSwiftUpdateCheck = 1310;
				LastUpgradeCheck = 1310;
				TargetAttributes = {
					A612DA5527A50C1B00FE5530 = {
						CreatedOnToolsVersion = 13.1;
					};
				};
			};
			buildConfigurationList = A612DA5127A50C1B00FE5530 /* Build configuration list for PBXProject "Follow" */;
			compatibilityVersion = "Xcode 13.0";
			developmentRegion = en;
			hasScannedForEncodings = 0;
			knownRegions = (
				en,
				Base,
			);
			mainGroup = A612DA4D27A50C1B00FE5530;
			productRefGroup = A612DA5727A50C1B00FE5530 /* Products */;
			projectDirPath = "";
			projectRoot = "";
			targets = (
				A612DA5527A50C1B00FE5530 /* Follow */,
			);
		};
/* End PBXProject section */

/* Begin PBXResourcesBuildPhase section */
		A612DA5427A50C1B00FE5530 /* Resources */ = {
			isa = PBXResourcesBuildPhase;
			buildActionMask = 2147483647;
			files = (
				A612DA6627A50C1C00FE5530 /* LaunchScreen.storyboard in Resources */,
				A612DA6327A50C1C00FE5530 /* Assets.xcassets in Resources */,
				A612DA6127A50C1B00FE5530 /* Main.storyboard in Resources */,
			);
			runOnlyForDeploymentPostprocessing = 0;
		};
/* End PBXResourcesBuildPhase section */

/* Begin PBXSourcesBuildPhase section */
		A612DA5227A50C1B00FE5530 /* Sources */ = {
			isa = PBXSourcesBuildPhase;
			buildActionMask = 2147483647;
			files = (
				A612DA5E27A50C1B00FE5530 /* ViewController.swift in Sources */,
				A612DA5A27A50C1B00FE5530 /* AppDelegate.swift in Sources */,
				A612DA5C27A50C1B00FE5530 /* SceneDelegate.swift in Sources */,
				A6C1932F27A57B650042D2E8 /* Extension.swift in Sources */,
			);
			runOnlyForDeploymentPostprocessing = 0;
		};
/* End PBXSourcesBuildPhase section */

/* Begin PBXVariantGroup section */
		A612DA5F27A50C1B00FE5530 /* Main.storyboard */ = {
			isa = PBXVariantGroup;
			children = (
				A612DA6027A50C1B00FE5530 /* Base */,
			);
			name = Main.storyboard;
			sourceTree = "<group>";
		};
		A612DA6427A50C1C00FE5530 /* LaunchScreen.storyboard */ = {
			isa = PBXVariantGroup;
			children = (
				A612DA6527A50C1C00FE5530 /* Base */,
			);
			name = LaunchScreen.storyboard;
			sourceTree = "<group>";
		};
/* End PBXVariantGroup section */

/* Begin XCBuildConfiguration section */
		A612DA6827A50C1D00FE5530 /* Debug */ = {
			isa = XCBuildConfiguration;
			buildSettings = {
				ALWAYS_SEARCH_USER_PATHS = NO;
				CLANG_ANALYZER_NONNULL = YES;
				CLANG_ANALYZER_NUMBER_OBJECT_CONVERSION = YES_AGGRESSIVE;
				CLANG_CXX_LANGUAGE_STANDARD = "gnu++17";
				CLANG_CXX_LIBRARY = "libc++";
				CLANG_ENABLE_MODULES = YES;
				CLANG_ENABLE_OBJC_ARC = YES;
				CLANG_ENABLE_OBJC_WEAK = YES;
				CLANG_WARN_BLOCK_CAPTURE_AUTORELEASING = YES;
				CLANG_WARN_BOOL_CONVERSION = YES;
				CLANG_WARN_COMMA = YES;
				CLANG_WARN_CONSTANT_CONVERSION = YES;
				CLANG_WARN_DEPRECATED_OBJC_IMPLEMENTATIONS = YES;
				CLANG_WARN_DIRECT_OBJC_ISA_USAGE = YES_ERROR;
				CLANG_WARN_DOCUMENTATION_COMMENTS = YES;
				CLANG_WARN_EMPTY_BODY = YES;
				CLANG_WARN_ENUM_CONVERSION = YES;
				CLANG_WARN_INFINITE_RECURSION = YES;
				CLANG_WARN_INT_CONVERSION = YES;
				CLANG_WARN_NON_LITERAL_NULL_CONVERSION = YES;
				CLANG_WARN_OBJC_IMPLICIT_RETAIN_SELF = YES;
				CLANG_WARN_OBJC_LITERAL_CONVERSION = YES;
				CLANG_WARN_OBJC_ROOT_CLASS = YES_ERROR;
				CLANG_WARN_QUOTED_INCLUDE_IN_FRAMEWORK_HEADER = YES;
				CLANG_WARN_RANGE_LOOP_ANALYSIS = YES;
				CLANG_WARN_STRICT_PROTOTYPES = YES;
				CLANG_WARN_SUSPICIOUS_MOVE = YES;
				CLANG_WARN_UNGUARDED_AVAILABILITY = YES_AGGRESSIVE;
				CLANG_WARN_UNREACHABLE_CODE = YES;
				CLANG_WARN__DUPLICATE_METHOD_MATCH = YES;
				COPY_PHASE_STRIP = NO;
				DEBUG_INFORMATION_FORMAT = dwarf;
				ENABLE_STRICT_OBJC_MSGSEND = YES;
				ENABLE_TESTABILITY = YES;
				GCC_C_LANGUAGE_STANDARD = gnu11;
				GCC_DYNAMIC_NO_PIC = NO;
				GCC_NO_COMMON_BLOCKS = YES;
				GCC_OPTIMIZATION_LEVEL = 0;
				GCC_PREPROCESSOR_DEFINITIONS = (
					"DEBUG=1",
					"$(inherited)",
				);
				GCC_WARN_64_TO_32_BIT_CONVERSION = YES;
				GCC_WARN_ABOUT_RETURN_TYPE = YES_ERROR;
				GCC_WARN_UNDECLARED_SELECTOR = YES;
				GCC_WARN_UNINITIALIZED_AUTOS = YES_AGGRESSIVE;
				GCC_WARN_UNUSED_FUNCTION = YES;
				GCC_WARN_UNUSED_VARIABLE = YES;
				IPHONEOS_DEPLOYMENT_TARGET = 15.0;
				MTL_ENABLE_DEBUG_INFO = INCLUDE_SOURCE;
				MTL_FAST_MATH = YES;
				ONLY_ACTIVE_ARCH = YES;
				SDKROOT = iphoneos;
				SWIFT_ACTIVE_COMPILATION_CONDITIONS = DEBUG;
				SWIFT_OPTIMIZATION_LEVEL = "-Onone";
			};
			name = Debug;
		};
		A612DA6927A50C1D00FE5530 /* Release */ = {
			isa = XCBuildConfiguration;
			buildSettings = {
				ALWAYS_SEARCH_USER_PATHS = NO;
				CLANG_ANALYZER_NONNULL = YES;
				CLANG_ANALYZER_NUMBER_OBJECT_CONVERSION = YES_AGGRESSIVE;
				CLANG_CXX_LANGUAGE_STANDARD = "gnu++17";
				CLANG_CXX_LIBRARY = "libc++";
				CLANG_ENABLE_MODULES = YES;
				CLANG_ENABLE_OBJC_ARC = YES;
				CLANG_ENABLE_OBJC_WEAK = YES;
				CLANG_WARN_BLOCK_CAPTURE_AUTORELEASING = YES;
				CLANG_WARN_BOOL_CONVERSION = YES;
				CLANG_WARN_COMMA = YES;
				CLANG_WARN_CONSTANT_CONVERSION = YES;
				CLANG_WARN_DEPRECATED_OBJC_IMPLEMENTATIONS = YES;
				CLANG_WARN_DIRECT_OBJC_ISA_USAGE = YES_ERROR;
				CLANG_WARN_DOCUMENTATION_COMMENTS = YES;
				CLANG_WARN_EMPTY_BODY = YES;
				CLANG_WARN_ENUM_CONVERSION = YES;
				CLANG_WARN_INFINITE_RECURSION = YES;
				CLANG_WARN_INT_CONVERSION = YES;
				CLANG_WARN_NON_LITERAL_NULL_CONVERSION = YES;
				CLANG_WARN_OBJC_IMPLICIT_RETAIN_SELF = YES;
				CLANG_WARN_OBJC_LITERAL_CONVERSION = YES;
				CLANG_WARN_OBJC_ROOT_CLASS = YES_ERROR;
				CLANG_WARN_QUOTED_INCLUDE_IN_FRAMEWORK_HEADER = YES;
				CLANG_WARN_RANGE_LOOP_ANALYSIS = YES;
				CLANG_WARN_STRICT_PROTOTYPES = YES;
				CLANG_WARN_SUSPICIOUS_MOVE = YES;
				CLANG_WARN_UNGUARDED_AVAILABILITY = YES_AGGRESSIVE;
				CLANG_WARN_UNREACHABLE_CODE = YES;
				CLANG_WARN__DUPLICATE_METHOD_MATCH = YES;
				COPY_PHASE_STRIP = NO;
				DEBUG_INFORMATION_FORMAT = "dwarf-with-dsym";
				ENABLE_NS_ASSERTIONS = NO;
				ENABLE_STRICT_OBJC_MSGSEND = YES;
				GCC_C_LANGUAGE_STANDARD = gnu11;
				GCC_NO_COMMON_BLOCKS = YES;
				GCC_WARN_64_TO_32_BIT_CONVERSION = YES;
				GCC_WARN_ABOUT_RETURN_TYPE = YES_ERROR;
				GCC_WARN_UNDECLARED_SELECTOR = YES;
				GCC_WARN_UNINITIALIZED_AUTOS = YES_AGGRESSIVE;
				GCC_WARN_UNUSED_FUNCTION = YES;
				GCC_WARN_UNUSED_VARIABLE = YES;
				IPHONEOS_DEPLOYMENT_TARGET = 15.0;
				MTL_ENABLE_DEBUG_INFO = NO;
				MTL_FAST_MATH = YES;
				SDKROOT = iphoneos;
				SWIFT_COMPILATION_MODE = wholemodule;
				SWIFT_OPTIMIZATION_LEVEL = "-O";
				VALIDATE_PRODUCT = YES;
			};
			name = Release;
		};
		A612DA6B27A50C1D00FE5530 /* Debug */ = {
			isa = XCBuildConfiguration;
			buildSettings = {
				ASSETCATALOG_COMPILER_APPICON_NAME = AppIcon;
				ASSETCATALOG_COMPILER_GLOBAL_ACCENT_COLOR_NAME = AccentColor;
				CODE_SIGN_STYLE = Automatic;
				CURRENT_PROJECT_VERSION = 1;
				DEVELOPMENT_TEAM = LNG8PFABR7;
				GENERATE_INFOPLIST_FILE = YES;
				INFOPLIST_FILE = Follow/Info.plist;
				INFOPLIST_KEY_UIApplicationSupportsIndirectInputEvents = YES;
				INFOPLIST_KEY_UILaunchStoryboardName = LaunchScreen;
				INFOPLIST_KEY_UIMainStoryboardFile = Main;
				INFOPLIST_KEY_UISupportedInterfaceOrientations_iPad = "UIInterfaceOrientationPortrait UIInterfaceOrientationPortraitUpsideDown UIInterfaceOrientationLandscapeLeft UIInterfaceOrientationLandscapeRight";
				INFOPLIST_KEY_UISupportedInterfaceOrientations_iPhone = "UIInterfaceOrientationPortrait UIInterfaceOrientationLandscapeLeft UIInterfaceOrientationLandscapeRight";
				LD_RUNPATH_SEARCH_PATHS = (
					"$(inherited)",
					"@executable_path/Frameworks",
				);
				MARKETING_VERSION = 1.0;
				PRODUCT_BUNDLE_IDENTIFIER = com.amolkumar.Follow;
				PRODUCT_NAME = "$(TARGET_NAME)";
				SWIFT_EMIT_LOC_STRINGS = YES;
				SWIFT_VERSION = 5.0;
				TARGETED_DEVICE_FAMILY = "1,2";
			};
			name = Debug;
		};
		A612DA6C27A50C1D00FE5530 /* Release */ = {
			isa = XCBuildConfiguration;
			buildSettings = {
				ASSETCATALOG_COMPILER_APPICON_NAME = AppIcon;
				ASSETCATALOG_COMPILER_GLOBAL_ACCENT_COLOR_NAME = AccentColor;
				CODE_SIGN_STYLE = Automatic;
				CURRENT_PROJECT_VERSION = 1;
				DEVELOPMENT_TEAM = LNG8PFABR7;
				GENERATE_INFOPLIST_FILE = YES;
				INFOPLIST_FILE = Follow/Info.plist;
				INFOPLIST_KEY_UIApplicationSupportsIndirectInputEvents = YES;
				INFOPLIST_KEY_UILaunchStoryboardName = LaunchScreen;
				INFOPLIST_KEY_UIMainStoryboardFile = Main;
				INFOPLIST_KEY_UISupportedInterfaceOrientations_iPad = "UIInterfaceOrientationPortrait UIInterfaceOrientationPortraitUpsideDown UIInterfaceOrientationLandscapeLeft UIInterfaceOrientationLandscapeRight";
				INFOPLIST_KEY_UISupportedInterfaceOrientations_iPhone = "UIInterfaceOrientationPortrait UIInterfaceOrientationLandscapeLeft UIInterfaceOrientationLandscapeRight";
				LD_RUNPATH_SEARCH_PATHS = (
					"$(inherited)",
					"@executable_path/Frameworks",
				);
				MARKETING_VERSION = 1.0;
				PRODUCT_BUNDLE_IDENTIFIER = com.amolkumar.Follow;
				PRODUCT_NAME = "$(TARGET_NAME)";
				SWIFT_EMIT_LOC_STRINGS = YES;
				SWIFT_VERSION = 5.0;
				TARGETED_DEVICE_FAMILY = "1,2";
			};
			name = Release;
		};
/* End XCBuildConfiguration section */

/* Begin XCConfigurationList section */
		A612DA5127A50C1B00FE5530 /* Build configuration list for PBXProject "Follow" */ = {
			isa = XCConfigurationList;
			buildConfigurations = (
				A612DA6827A50C1D00FE5530 /* Debug */,
				A612DA6927A50C1D00FE5530 /* Release */,
			);
			defaultConfigurationIsVisible = 0;
			defaultConfigurationName = Release;
		};
		A612DA6A27A50C1D00FE5530 /* Build configuration list for PBXNativeTarget "Follow" */ = {
			isa = XCConfigurationList;
			buildConfigurations = (
				A612DA6B27A50C1D00FE5530 /* Debug */,
				A612DA6C27A50C1D00FE5530 /* Release */,
			);
			defaultConfigurationIsVisible = 0;
			defaultConfigurationName = Release;
		};
/* End XCConfigurationList section */
	};
	rootObject = A612DA4E27A50C1B00FE5530 /* Project object */;
}
